
Microsoft Visual Studio Solution File, Format Version 12.00
# Visual Studio Version 17
VisualStudioVersion = 17.6.33723.286
MinimumVisualStudioVersion = 10.0.40219.1
Project("{9A19103F-16F7-4668-BE54-9A1E7A4F7556}") = "HomeWork", "HomeWork\HomeWork.csproj", "{65711978-7303-4DC0-9E07-F912F62F6A1A}"
EndProject
Project("{FAE04EC0-301F-11D3-BF4B-00C04F79EFBC}") = "Work№4", "Work№4\Work№4.csproj", "{0D40F712-4946-4B8E-A0DB-8C558B7235ED}"
EndProject
Global
	GlobalSection(SolutionConfigurationPlatforms) = preSolution
		Debug|Any CPU = Debug|Any CPU
		Release|Any CPU = Release|Any CPU
	EndGlobalSection
	GlobalSection(ProjectConfigurationPlatforms) = postSolution
		{65711978-7303-4DC0-9E07-F912F62F6A1A}.Debug|Any CPU.ActiveCfg = Debug|Any CPU
		{65711978-7303-4DC0-9E07-F912F62F6A1A}.Debug|Any CPU.Build.0 = Debug|Any CPU
		{65711978-7303-4DC0-9E07-F912F62F6A1A}.Release|Any CPU.ActiveCfg = Release|Any CPU
		{65711978-7303-4DC0-9E07-F912F62F6A1A}.Release|Any CPU.Build.0 = Release|Any CPU
		{0D40F712-4946-4B8E-A0DB-8C558B7235ED}.Debug|Any CPU.ActiveCfg = Debug|Any CPU
		{0D40F712-4946-4B8E-A0DB-8C558B7235ED}.Debug|Any CPU.Build.0 = Debug|Any CPU
		{0D40F712-4946-4B8E-A0DB-8C558B7235ED}.Release|Any CPU.ActiveCfg = Release|Any CPU
		{0D40F712-4946-4B8E-A0DB-8C558B7235ED}.Release|Any CPU.Build.0 = Release|Any CPU
	EndGlobalSection
	GlobalSection(SolutionProperties) = preSolution
		HideSolutionNode = FALSE
	EndGlobalSection
	GlobalSection(ExtensibilityGlobals) = postSolution
		SolutionGuid = {ADC48B50-0FB1-49BA-B5D6-0F412A60FD8A}
	EndGlobalSection
EndGlobal
