
Microsoft Visual Studio Solution File, Format Version 12.00
# Visual Studio Version 17
VisualStudioVersion = 17.6.33723.286
MinimumVisualStudioVersion = 10.0.40219.1
Project("{9A19103F-16F7-4668-BE54-9A1E7A4F7556}") = "HomeWork", "HomeWork\HomeWork.csproj", "{65711978-7303-4DC0-9E07-F912F62F6A1A}"
EndProject
Project("{9A19103F-16F7-4668-BE54-9A1E7A4F7556}") = "Work№4", "Work№4\Work№4.csproj", "{0D40F712-4946-4B8E-A0DB-8C558B7235ED}"
EndProject
Project("{9A19103F-16F7-4668-BE54-9A1E7A4F7556}") = "№5", "№5\№5.csproj", "{2DD6EB4C-D05C-424C-9D7D-3D3E8881DAC0}"
EndProject
Project("{9A19103F-16F7-4668-BE54-9A1E7A4F7556}") = "№6 Telephone Book", "№6 Telephone Book\№6 Telephone Book.csproj", "{2C4CD57F-C2CF-4199-9C45-1E8ACB74AE39}"
EndProject
Project("{9A19103F-16F7-4668-BE54-9A1E7A4F7556}") = "Test", "Test Work\Test.csproj", "{EF61A546-32A1-466C-97DF-51F04C4A87FF}"
EndProject
Project("{9A19103F-16F7-4668-BE54-9A1E7A4F7556}") = "№7 Cars", "№7 Cars\№7 Cars.csproj", "{83FDDD34-3025-48E7-B54C-9D3D2DF58ADE}"
EndProject
Project("{9A19103F-16F7-4668-BE54-9A1E7A4F7556}") = "№9 Boxing", "№9 Boxing\№9 Boxing.csproj", "{16592CA6-36C8-45EA-88BE-FB7CFDD663A7}"
EndProject
Project("{9A19103F-16F7-4668-BE54-9A1E7A4F7556}") = "№10 Cars (fix)", "№10 Cars (fix)\№10 Cars (fix).csproj", "{36AB816A-3B12-4872-B1B8-31EDB1800C8D}"
EndProject
Project("{9A19103F-16F7-4668-BE54-9A1E7A4F7556}") = "№11 Calculator+", "№11 Calculator+\№11 Calculator+.csproj", "{48675000-8BF6-4565-9739-28913FC16736}"
EndProject
Project("{9A19103F-16F7-4668-BE54-9A1E7A4F7556}") = "№12 LargeNumber", "№12 LargeNumber\№12 LargeNumber.csproj", "{56C8E677-DF12-4AC3-ABF9-DFDB9038EE23}"
EndProject
Project("{9A19103F-16F7-4668-BE54-9A1E7A4F7556}") = "№13 LINQ", "№13 LINQ\№13 LINQ.csproj", "{F7E8FEB2-F7D3-42E9-AF7A-C9243F2CECD0}"
EndProject
Project("{9A19103F-16F7-4668-BE54-9A1E7A4F7556}") = "№14 Files", "№14 Files\№14 Files.csproj", "{805672E0-1041-4242-A1A8-A616C7056AF3}"
EndProject
Project("{9A19103F-16F7-4668-BE54-9A1E7A4F7556}") = "№15 Parallel Streams", "№15 Parallel Streams\№15 Parallel Streams.csproj", "{1A96D1C8-FD25-4D11-9509-5C1D2BDD2A82}"
EndProject
Project("{9A19103F-16F7-4668-BE54-9A1E7A4F7556}") = "№16 TPL", "№16 TPL\№16 TPL.csproj", "{9AE7E47D-ED8A-40DB-8E52-B3D4CDC3733E}"
EndProject
Project("{9A19103F-16F7-4668-BE54-9A1E7A4F7556}") = "№17 Task-based Asynchronous Pattern", "№17 Task-based Asynchronous Pattern\№17 Task-based Asynchronous Pattern.csproj", "{C63D48AD-57FD-4124-9EBB-F921DCE376B3}"
EndProject
Project("{FAE04EC0-301F-11D3-BF4B-00C04F79EFBC}") = "№18 Parallel LINQ", "№18 Parallel LINQ\№18 Parallel LINQ.csproj", "{B6B648BF-3D1A-422E-AAAA-A30640701F04}"
EndProject
Project("{FAE04EC0-301F-11D3-BF4B-00C04F79EFBC}") = "№19 reflection", "№19 reflection\№19 reflection.csproj", "{88F36C84-7008-4FD0-8D1A-34F42B2AA38F}"
EndProject
Project("{FAE04EC0-301F-11D3-BF4B-00C04F79EFBC}") = "№20 Garbage collection", "№20 Garbage collection\№20 Garbage collection.csproj", "{6DC8D422-FF74-42E6-B3F8-A82B42DF62D6}"
EndProject
Global
	GlobalSection(SolutionConfigurationPlatforms) = preSolution
		Debug|Any CPU = Debug|Any CPU
		Release|Any CPU = Release|Any CPU
	EndGlobalSection
	GlobalSection(ProjectConfigurationPlatforms) = postSolution
		{65711978-7303-4DC0-9E07-F912F62F6A1A}.Debug|Any CPU.ActiveCfg = Debug|Any CPU
		{65711978-7303-4DC0-9E07-F912F62F6A1A}.Debug|Any CPU.Build.0 = Debug|Any CPU
		{65711978-7303-4DC0-9E07-F912F62F6A1A}.Release|Any CPU.ActiveCfg = Release|Any CPU
		{65711978-7303-4DC0-9E07-F912F62F6A1A}.Release|Any CPU.Build.0 = Release|Any CPU
		{0D40F712-4946-4B8E-A0DB-8C558B7235ED}.Debug|Any CPU.ActiveCfg = Debug|Any CPU
		{0D40F712-4946-4B8E-A0DB-8C558B7235ED}.Debug|Any CPU.Build.0 = Debug|Any CPU
		{0D40F712-4946-4B8E-A0DB-8C558B7235ED}.Release|Any CPU.ActiveCfg = Release|Any CPU
		{0D40F712-4946-4B8E-A0DB-8C558B7235ED}.Release|Any CPU.Build.0 = Release|Any CPU
		{2DD6EB4C-D05C-424C-9D7D-3D3E8881DAC0}.Debug|Any CPU.ActiveCfg = Debug|Any CPU
		{2DD6EB4C-D05C-424C-9D7D-3D3E8881DAC0}.Debug|Any CPU.Build.0 = Debug|Any CPU
		{2DD6EB4C-D05C-424C-9D7D-3D3E8881DAC0}.Release|Any CPU.ActiveCfg = Release|Any CPU
		{2DD6EB4C-D05C-424C-9D7D-3D3E8881DAC0}.Release|Any CPU.Build.0 = Release|Any CPU
		{2C4CD57F-C2CF-4199-9C45-1E8ACB74AE39}.Debug|Any CPU.ActiveCfg = Debug|Any CPU
		{2C4CD57F-C2CF-4199-9C45-1E8ACB74AE39}.Debug|Any CPU.Build.0 = Debug|Any CPU
		{2C4CD57F-C2CF-4199-9C45-1E8ACB74AE39}.Release|Any CPU.ActiveCfg = Release|Any CPU
		{2C4CD57F-C2CF-4199-9C45-1E8ACB74AE39}.Release|Any CPU.Build.0 = Release|Any CPU
		{EF61A546-32A1-466C-97DF-51F04C4A87FF}.Debug|Any CPU.ActiveCfg = Debug|Any CPU
		{EF61A546-32A1-466C-97DF-51F04C4A87FF}.Debug|Any CPU.Build.0 = Debug|Any CPU
		{EF61A546-32A1-466C-97DF-51F04C4A87FF}.Release|Any CPU.ActiveCfg = Release|Any CPU
		{EF61A546-32A1-466C-97DF-51F04C4A87FF}.Release|Any CPU.Build.0 = Release|Any CPU
		{83FDDD34-3025-48E7-B54C-9D3D2DF58ADE}.Debug|Any CPU.ActiveCfg = Debug|Any CPU
		{83FDDD34-3025-48E7-B54C-9D3D2DF58ADE}.Debug|Any CPU.Build.0 = Debug|Any CPU
		{83FDDD34-3025-48E7-B54C-9D3D2DF58ADE}.Release|Any CPU.ActiveCfg = Release|Any CPU
		{83FDDD34-3025-48E7-B54C-9D3D2DF58ADE}.Release|Any CPU.Build.0 = Release|Any CPU
		{16592CA6-36C8-45EA-88BE-FB7CFDD663A7}.Debug|Any CPU.ActiveCfg = Debug|Any CPU
		{16592CA6-36C8-45EA-88BE-FB7CFDD663A7}.Debug|Any CPU.Build.0 = Debug|Any CPU
		{16592CA6-36C8-45EA-88BE-FB7CFDD663A7}.Release|Any CPU.ActiveCfg = Release|Any CPU
		{16592CA6-36C8-45EA-88BE-FB7CFDD663A7}.Release|Any CPU.Build.0 = Release|Any CPU
		{36AB816A-3B12-4872-B1B8-31EDB1800C8D}.Debug|Any CPU.ActiveCfg = Debug|Any CPU
		{36AB816A-3B12-4872-B1B8-31EDB1800C8D}.Debug|Any CPU.Build.0 = Debug|Any CPU
		{36AB816A-3B12-4872-B1B8-31EDB1800C8D}.Release|Any CPU.ActiveCfg = Release|Any CPU
		{36AB816A-3B12-4872-B1B8-31EDB1800C8D}.Release|Any CPU.Build.0 = Release|Any CPU
		{48675000-8BF6-4565-9739-28913FC16736}.Debug|Any CPU.ActiveCfg = Debug|Any CPU
		{48675000-8BF6-4565-9739-28913FC16736}.Debug|Any CPU.Build.0 = Debug|Any CPU
		{48675000-8BF6-4565-9739-28913FC16736}.Release|Any CPU.ActiveCfg = Release|Any CPU
		{48675000-8BF6-4565-9739-28913FC16736}.Release|Any CPU.Build.0 = Release|Any CPU
		{56C8E677-DF12-4AC3-ABF9-DFDB9038EE23}.Debug|Any CPU.ActiveCfg = Debug|Any CPU
		{56C8E677-DF12-4AC3-ABF9-DFDB9038EE23}.Debug|Any CPU.Build.0 = Debug|Any CPU
		{56C8E677-DF12-4AC3-ABF9-DFDB9038EE23}.Release|Any CPU.ActiveCfg = Release|Any CPU
		{56C8E677-DF12-4AC3-ABF9-DFDB9038EE23}.Release|Any CPU.Build.0 = Release|Any CPU
		{F7E8FEB2-F7D3-42E9-AF7A-C9243F2CECD0}.Debug|Any CPU.ActiveCfg = Debug|Any CPU
		{F7E8FEB2-F7D3-42E9-AF7A-C9243F2CECD0}.Debug|Any CPU.Build.0 = Debug|Any CPU
		{F7E8FEB2-F7D3-42E9-AF7A-C9243F2CECD0}.Release|Any CPU.ActiveCfg = Release|Any CPU
		{F7E8FEB2-F7D3-42E9-AF7A-C9243F2CECD0}.Release|Any CPU.Build.0 = Release|Any CPU
		{805672E0-1041-4242-A1A8-A616C7056AF3}.Debug|Any CPU.ActiveCfg = Debug|Any CPU
		{805672E0-1041-4242-A1A8-A616C7056AF3}.Debug|Any CPU.Build.0 = Debug|Any CPU
		{805672E0-1041-4242-A1A8-A616C7056AF3}.Release|Any CPU.ActiveCfg = Release|Any CPU
		{805672E0-1041-4242-A1A8-A616C7056AF3}.Release|Any CPU.Build.0 = Release|Any CPU
		{1A96D1C8-FD25-4D11-9509-5C1D2BDD2A82}.Debug|Any CPU.ActiveCfg = Debug|Any CPU
		{1A96D1C8-FD25-4D11-9509-5C1D2BDD2A82}.Debug|Any CPU.Build.0 = Debug|Any CPU
		{1A96D1C8-FD25-4D11-9509-5C1D2BDD2A82}.Release|Any CPU.ActiveCfg = Release|Any CPU
		{1A96D1C8-FD25-4D11-9509-5C1D2BDD2A82}.Release|Any CPU.Build.0 = Release|Any CPU
		{9AE7E47D-ED8A-40DB-8E52-B3D4CDC3733E}.Debug|Any CPU.ActiveCfg = Debug|Any CPU
		{9AE7E47D-ED8A-40DB-8E52-B3D4CDC3733E}.Debug|Any CPU.Build.0 = Debug|Any CPU
		{9AE7E47D-ED8A-40DB-8E52-B3D4CDC3733E}.Release|Any CPU.ActiveCfg = Release|Any CPU
		{9AE7E47D-ED8A-40DB-8E52-B3D4CDC3733E}.Release|Any CPU.Build.0 = Release|Any CPU
		{C63D48AD-57FD-4124-9EBB-F921DCE376B3}.Debug|Any CPU.ActiveCfg = Debug|Any CPU
		{C63D48AD-57FD-4124-9EBB-F921DCE376B3}.Debug|Any CPU.Build.0 = Debug|Any CPU
		{C63D48AD-57FD-4124-9EBB-F921DCE376B3}.Release|Any CPU.ActiveCfg = Release|Any CPU
		{C63D48AD-57FD-4124-9EBB-F921DCE376B3}.Release|Any CPU.Build.0 = Release|Any CPU
		{B6B648BF-3D1A-422E-AAAA-A30640701F04}.Debug|Any CPU.ActiveCfg = Debug|Any CPU
		{B6B648BF-3D1A-422E-AAAA-A30640701F04}.Debug|Any CPU.Build.0 = Debug|Any CPU
		{B6B648BF-3D1A-422E-AAAA-A30640701F04}.Release|Any CPU.ActiveCfg = Release|Any CPU
		{B6B648BF-3D1A-422E-AAAA-A30640701F04}.Release|Any CPU.Build.0 = Release|Any CPU
		{88F36C84-7008-4FD0-8D1A-34F42B2AA38F}.Debug|Any CPU.ActiveCfg = Debug|Any CPU
		{88F36C84-7008-4FD0-8D1A-34F42B2AA38F}.Debug|Any CPU.Build.0 = Debug|Any CPU
		{88F36C84-7008-4FD0-8D1A-34F42B2AA38F}.Release|Any CPU.ActiveCfg = Release|Any CPU
		{88F36C84-7008-4FD0-8D1A-34F42B2AA38F}.Release|Any CPU.Build.0 = Release|Any CPU
		{6DC8D422-FF74-42E6-B3F8-A82B42DF62D6}.Debug|Any CPU.ActiveCfg = Debug|Any CPU
		{6DC8D422-FF74-42E6-B3F8-A82B42DF62D6}.Debug|Any CPU.Build.0 = Debug|Any CPU
		{6DC8D422-FF74-42E6-B3F8-A82B42DF62D6}.Release|Any CPU.ActiveCfg = Release|Any CPU
		{6DC8D422-FF74-42E6-B3F8-A82B42DF62D6}.Release|Any CPU.Build.0 = Release|Any CPU
	EndGlobalSection
	GlobalSection(SolutionProperties) = preSolution
		HideSolutionNode = FALSE
	EndGlobalSection
	GlobalSection(ExtensibilityGlobals) = postSolution
		SolutionGuid = {ADC48B50-0FB1-49BA-B5D6-0F412A60FD8A}
	EndGlobalSection
EndGlobal
