
Microsoft Visual Studio Solution File, Format Version 12.00
# Visual Studio Version 17
VisualStudioVersion = 17.6.33723.286
MinimumVisualStudioVersion = 10.0.40219.1
Project("{FAE04EC0-301F-11D3-BF4B-00C04F79EFBC}") = "HomeWork", "HomeWork.csproj", "{BCADC791-1BF3-4456-A533-90A0D6D61C49}"
EndProject
Global
	GlobalSection(SolutionConfigurationPlatforms) = preSolution
		Debug|Any CPU = Debug|Any CPU
		Release|Any CPU = Release|Any CPU
	EndGlobalSection
	GlobalSection(ProjectConfigurationPlatforms) = postSolution
		{BCADC791-1BF3-4456-A533-90A0D6D61C49}.Debug|Any CPU.ActiveCfg = Debug|Any CPU
		{BCADC791-1BF3-4456-A533-90A0D6D61C49}.Debug|Any CPU.Build.0 = Debug|Any CPU
		{BCADC791-1BF3-4456-A533-90A0D6D61C49}.Release|Any CPU.ActiveCfg = Release|Any CPU
		{BCADC791-1BF3-4456-A533-90A0D6D61C49}.Release|Any CPU.Build.0 = Release|Any CPU
	EndGlobalSection
	GlobalSection(SolutionProperties) = preSolution
		HideSolutionNode = FALSE
	EndGlobalSection
	GlobalSection(ExtensibilityGlobals) = postSolution
		SolutionGuid = {6FDD1B26-4556-40AB-A806-ECE3AAF882E5}
	EndGlobalSection
EndGlobal
